
Microsoft Visual Studio Solution File, Format Version 12.00
# Visual Studio Version 16
VisualStudioVersion = 16.0.31025.194
MinimumVisualStudioVersion = 10.0.40219.1
Project("{FAE04EC0-301F-11D3-BF4B-00C04F79EFBC}") = "Looto", "Looto\Looto.csproj", "{AE76537C-ACED-43CA-95AF-79DE2EA5C44F}"
EndProject
Project("{FAE04EC0-301F-11D3-BF4B-00C04F79EFBC}") = "Looto.Tests", "Looto.Tests\Looto.Tests.csproj", "{B2686F3E-09CE-4539-9C63-52ECDF13FA3A}"
EndProject
Global
	GlobalSection(SolutionConfigurationPlatforms) = preSolution
		Debug|Any CPU = Debug|Any CPU
		Release|Any CPU = Release|Any CPU
	EndGlobalSection
	GlobalSection(ProjectConfigurationPlatforms) = postSolution
		{AE76537C-ACED-43CA-95AF-79DE2EA5C44F}.Debug|Any CPU.ActiveCfg = Debug|Any CPU
		{AE76537C-ACED-43CA-95AF-79DE2EA5C44F}.Debug|Any CPU.Build.0 = Debug|Any CPU
		{AE76537C-ACED-43CA-95AF-79DE2EA5C44F}.Release|Any CPU.ActiveCfg = Release|Any CPU
		{AE76537C-ACED-43CA-95AF-79DE2EA5C44F}.Release|Any CPU.Build.0 = Release|Any CPU
		{B2686F3E-09CE-4539-9C63-52ECDF13FA3A}.Debug|Any CPU.ActiveCfg = Debug|Any CPU
		{B2686F3E-09CE-4539-9C63-52ECDF13FA3A}.Debug|Any CPU.Build.0 = Debug|Any CPU
		{B2686F3E-09CE-4539-9C63-52ECDF13FA3A}.Release|Any CPU.ActiveCfg = Release|Any CPU
		{B2686F3E-09CE-4539-9C63-52ECDF13FA3A}.Release|Any CPU.Build.0 = Release|Any CPU
	EndGlobalSection
	GlobalSection(SolutionProperties) = preSolution
		HideSolutionNode = FALSE
	EndGlobalSection
	GlobalSection(ExtensibilityGlobals) = postSolution
		SolutionGuid = {45511E36-30D9-4EF1-8F6F-9149DB5D9890}
	EndGlobalSection
EndGlobal
